{
  "name": "cloud-computing-for-quality-engineers-workshop-infrastructure-as-a-code",
  "version": "1.0.0",
  "lockfileVersion": 1,
  "requires": true,
  "dependencies": {
    "@aws-cdk/aws-codepipeline-api": {
      "version": "0.9.2",
      "resolved": "https://registry.npmjs.org/@aws-cdk/aws-codepipeline-api/-/aws-codepipeline-api-0.9.2.tgz",
      "integrity": "sha512-TnIFI/t/gPjPlvd0OKZQ7Tont+qTggepp/rov7QSoESRtw9mSanenpgrSokjU3rQ6zM7axb4w1XAzvHoHX/3IA==",
      "requires": {
        "@aws-cdk/aws-events": "0.9.2",
        "@aws-cdk/aws-iam": "0.9.2",
        "@aws-cdk/cdk": "0.9.2",
        "@aws-cdk/util": "0.9.2"
      }
    },
    "@aws-cdk/aws-events": {
      "version": "0.9.2",
      "resolved": "https://registry.npmjs.org/@aws-cdk/aws-events/-/aws-events-0.9.2.tgz",
      "integrity": "sha512-aArU82rPSZ0qj5DXj+Sjrr1ywNx31XsbA9g959x723vXyEGNw+vep1UdZb2fG4LonDlCI6BSbqHrG46kpaB0Rg==",
      "requires": {
        "@aws-cdk/aws-iam": "0.9.2",
        "@aws-cdk/cdk": "0.9.2",
        "@aws-cdk/util": "0.9.2"
      }
    },
    "@aws-cdk/aws-iam": {
      "version": "0.9.2",
      "resolved": "https://registry.npmjs.org/@aws-cdk/aws-iam/-/aws-iam-0.9.2.tgz",
      "integrity": "sha512-rR461lMOp/9xYzOX5LFKnISm3resEbcd6LUsr+USnw5sNx60WYDSqn+3OSiAJsKJStoGnr4tPPUe5Cu1KJAodA==",
      "requires": {
        "@aws-cdk/cdk": "0.9.2"
      }
    },
    "@aws-cdk/aws-kms": {
      "version": "0.9.2",
      "resolved": "https://registry.npmjs.org/@aws-cdk/aws-kms/-/aws-kms-0.9.2.tgz",
      "integrity": "sha512-B1Lcyl1pUweZtUWL9V5GURFrm+9cCCghoy/c3S2JZFlzce16QDxXwkye5r6yvKTWp//BT32zje1v0u+SpAMfcQ==",
      "requires": {
        "@aws-cdk/aws-iam": "0.9.2",
        "@aws-cdk/cdk": "0.9.2"
      }
    },
    "@aws-cdk/aws-s3": {
      "version": "0.9.2",
      "resolved": "https://registry.npmjs.org/@aws-cdk/aws-s3/-/aws-s3-0.9.2.tgz",
      "integrity": "sha512-fucIIoeizkZ9kzFN2q3KcEcCMA5HkymjK4sxN7Dt9C7b9lHXLLz+4tYZqHzCFZkg82be+ZVy/ynm6u6FMHa9Tw==",
      "requires": {
        "@aws-cdk/aws-codepipeline-api": "0.9.2",
        "@aws-cdk/aws-iam": "0.9.2",
        "@aws-cdk/aws-kms": "0.9.2",
        "@aws-cdk/aws-s3-notifications": "0.9.2",
        "@aws-cdk/cdk": "0.9.2"
      }
    },
    "@aws-cdk/aws-s3-notifications": {
      "version": "0.9.2",
      "resolved": "https://registry.npmjs.org/@aws-cdk/aws-s3-notifications/-/aws-s3-notifications-0.9.2.tgz",
      "integrity": "sha512-9nljm0HqPJCRCUuAt4Evf9baZF27jROy3PiltB++blYvyU5YdNuSaS2JsUt+cZOksYJwA8b/Gggj5/hcbSEE2A==",
      "requires": {
        "@aws-cdk/cdk": "0.9.2"
      }
    },
    "@aws-cdk/cdk": {
      "version": "0.9.2",
      "resolved": "https://registry.npmjs.org/@aws-cdk/cdk/-/cdk-0.9.2.tgz",
      "integrity": "sha512-wpjo1sCKnC790Kq5xnDo/6RCu1lmoxfhMEf0bxRCCz4p58WAt4nDNFaPlGtaRHXHLViUEtaBKZfybGpNB+LjAQ==",
      "requires": {
        "@aws-cdk/cx-api": "0.9.2",
        "js-base64": "2.4.9",
        "json-diff": "0.3.1"
      },
      "dependencies": {
        "cli-color": {
          "version": "0.1.7",
          "resolved": "https://registry.npmjs.org/cli-color/-/cli-color-0.1.7.tgz",
          "integrity": "sha1-rcMgD6RxzCEbDaf1ZrcemLnWc0c=",
          "requires": {
            "es5-ext": "0.8.2"
          }
        },
        "difflib": {
          "version": "0.2.4",
          "resolved": "https://registry.npmjs.org/difflib/-/difflib-0.2.4.tgz",
          "integrity": "sha1-teMDYabbAjF21WKJLbhZQKcY9H4=",
          "requires": {
            "heap": "0.2.6"
          }
        },
        "dreamopt": {
          "version": "0.6.0",
          "resolved": "https://registry.npmjs.org/dreamopt/-/dreamopt-0.6.0.tgz",
          "integrity": "sha1-2BPM2sjTnYrVJndVFKE92mZNa0s=",
          "requires": {
            "wordwrap": "1.0.0"
          }
        },
        "es5-ext": {
          "version": "0.8.2",
          "resolved": "https://registry.npmjs.org/es5-ext/-/es5-ext-0.8.2.tgz",
          "integrity": "sha1-q6jZ4ZQ6iVrJaDemKjmz9V7NlKs="
        },
        "heap": {
          "version": "0.2.6",
          "resolved": "https://registry.npmjs.org/heap/-/heap-0.2.6.tgz",
          "integrity": "sha1-CH4fELBGky/IWU3Z5tN4r8nR5aw="
        },
        "js-base64": {
          "version": "2.4.9",
          "resolved": "https://registry.npmjs.org/js-base64/-/js-base64-2.4.9.tgz",
          "integrity": "sha512-xcinL3AuDJk7VSzsHgb9DvvIXayBbadtMZ4HFPx8rUszbW1MuNMlwYVC4zzCZ6e1sqZpnNS5ZFYOhXqA39T7LQ=="
        },
        "json-diff": {
          "version": "0.3.1",
          "resolved": "https://registry.npmjs.org/json-diff/-/json-diff-0.3.1.tgz",
          "integrity": "sha1-bbw64tJeB1p/1xvNmHRFhmb7aBs=",
          "requires": {
            "cli-color": "0.1.7",
            "difflib": "0.2.4",
            "dreamopt": "0.6.0"
          }
        },
        "wordwrap": {
          "version": "1.0.0",
          "resolved": "https://registry.npmjs.org/wordwrap/-/wordwrap-1.0.0.tgz",
          "integrity": "sha1-J1hIEIkUVqQXHI0CJkQa3pDLyus="
        }
      }
    },
    "@aws-cdk/cx-api": {
      "version": "0.9.2",
      "resolved": "https://registry.npmjs.org/@aws-cdk/cx-api/-/cx-api-0.9.2.tgz",
      "integrity": "sha512-c3C8wsPJsmNb9ff7fJKKx1f4B4e+nj5vF7hdvp9NCcf3fvAYumPEd+iLm1LIVRsoqawSKgVaIcKosD4qmff7Hw=="
    },
    "@aws-cdk/util": {
      "version": "0.9.2",
      "resolved": "https://registry.npmjs.org/@aws-cdk/util/-/util-0.9.2.tgz",
      "integrity": "sha512-QZnExNbJ5sUfJSem+ArVS4dNVnK2kyHcQQbJUXIIfmiQoPbZp6jtP56v+oNTsi2fsm5Mqiy1HfLUSNqjfbMmhQ=="
    },
    "@types/node": {
      "version": "10.10.2",
      "resolved": "https://registry.npmjs.org/@types/node/-/node-10.10.2.tgz",
      "integrity": "sha512-yg1zoc4aUbsVyKg2eMpmNthOI+Edn2ntiLRxHjhGeFtTwg3CORdqkY0tBZh+TNPnTTtf4iyU5TVxbHVdEjrDTQ=="
    }
  }
}
